
Microsoft Visual Studio Solution File, Format Version 12.00
# Visual Studio 15
VisualStudioVersion = 15.0.26124.0
MinimumVisualStudioVersion = 15.0.26124.0
Project("{FAE04EC0-301F-11D3-BF4B-00C04F79EFBC}") = "GoalDigger.API", "GoalDigger.API\GoalDigger.API.csproj", "{BF743D59-15C5-42BE-8D61-FE39546C280E}"
EndProject
Project("{FAE04EC0-301F-11D3-BF4B-00C04F79EFBC}") = "GoalDigger.MVC", "GoalDigger.MVC\GoalDigger.MVC.csproj", "{F810AE7F-E018-4CFC-94F9-71FA7DB55769}"
EndProject
Project("{FAE04EC0-301F-11D3-BF4B-00C04F79EFBC}") = "GoalDigger.DataStore", "GoalDigger.DataStore\GoalDigger.DataStore.csproj", "{A9363866-19FC-4229-BF58-BFD13473E07D}"
EndProject
Project("{FAE04EC0-301F-11D3-BF4B-00C04F79EFBC}") = "GoalDigger.Domain", "GoalDigger.Domain\GoalDigger.Domain.csproj", "{900685D1-B9D1-4340-A06A-6BA8E7F1EF3A}"
EndProject
Global
	GlobalSection(SolutionConfigurationPlatforms) = preSolution
		Debug|Any CPU = Debug|Any CPU
		Debug|x64 = Debug|x64
		Debug|x86 = Debug|x86
		Release|Any CPU = Release|Any CPU
		Release|x64 = Release|x64
		Release|x86 = Release|x86
	EndGlobalSection
	GlobalSection(SolutionProperties) = preSolution
		HideSolutionNode = FALSE
	EndGlobalSection
	GlobalSection(ProjectConfigurationPlatforms) = postSolution
		{BF743D59-15C5-42BE-8D61-FE39546C280E}.Debug|Any CPU.ActiveCfg = Debug|Any CPU
		{BF743D59-15C5-42BE-8D61-FE39546C280E}.Debug|Any CPU.Build.0 = Debug|Any CPU
		{BF743D59-15C5-42BE-8D61-FE39546C280E}.Debug|x64.ActiveCfg = Debug|Any CPU
		{BF743D59-15C5-42BE-8D61-FE39546C280E}.Debug|x64.Build.0 = Debug|Any CPU
		{BF743D59-15C5-42BE-8D61-FE39546C280E}.Debug|x86.ActiveCfg = Debug|Any CPU
		{BF743D59-15C5-42BE-8D61-FE39546C280E}.Debug|x86.Build.0 = Debug|Any CPU
		{BF743D59-15C5-42BE-8D61-FE39546C280E}.Release|Any CPU.ActiveCfg = Release|Any CPU
		{BF743D59-15C5-42BE-8D61-FE39546C280E}.Release|Any CPU.Build.0 = Release|Any CPU
		{BF743D59-15C5-42BE-8D61-FE39546C280E}.Release|x64.ActiveCfg = Release|Any CPU
		{BF743D59-15C5-42BE-8D61-FE39546C280E}.Release|x64.Build.0 = Release|Any CPU
		{BF743D59-15C5-42BE-8D61-FE39546C280E}.Release|x86.ActiveCfg = Release|Any CPU
		{BF743D59-15C5-42BE-8D61-FE39546C280E}.Release|x86.Build.0 = Release|Any CPU
		{F810AE7F-E018-4CFC-94F9-71FA7DB55769}.Debug|Any CPU.ActiveCfg = Debug|Any CPU
		{F810AE7F-E018-4CFC-94F9-71FA7DB55769}.Debug|Any CPU.Build.0 = Debug|Any CPU
		{F810AE7F-E018-4CFC-94F9-71FA7DB55769}.Debug|x64.ActiveCfg = Debug|Any CPU
		{F810AE7F-E018-4CFC-94F9-71FA7DB55769}.Debug|x64.Build.0 = Debug|Any CPU
		{F810AE7F-E018-4CFC-94F9-71FA7DB55769}.Debug|x86.ActiveCfg = Debug|Any CPU
		{F810AE7F-E018-4CFC-94F9-71FA7DB55769}.Debug|x86.Build.0 = Debug|Any CPU
		{F810AE7F-E018-4CFC-94F9-71FA7DB55769}.Release|Any CPU.ActiveCfg = Release|Any CPU
		{F810AE7F-E018-4CFC-94F9-71FA7DB55769}.Release|Any CPU.Build.0 = Release|Any CPU
		{F810AE7F-E018-4CFC-94F9-71FA7DB55769}.Release|x64.ActiveCfg = Release|Any CPU
		{F810AE7F-E018-4CFC-94F9-71FA7DB55769}.Release|x64.Build.0 = Release|Any CPU
		{F810AE7F-E018-4CFC-94F9-71FA7DB55769}.Release|x86.ActiveCfg = Release|Any CPU
		{F810AE7F-E018-4CFC-94F9-71FA7DB55769}.Release|x86.Build.0 = Release|Any CPU
		{A9363866-19FC-4229-BF58-BFD13473E07D}.Debug|Any CPU.ActiveCfg = Debug|Any CPU
		{A9363866-19FC-4229-BF58-BFD13473E07D}.Debug|Any CPU.Build.0 = Debug|Any CPU
		{A9363866-19FC-4229-BF58-BFD13473E07D}.Debug|x64.ActiveCfg = Debug|Any CPU
		{A9363866-19FC-4229-BF58-BFD13473E07D}.Debug|x64.Build.0 = Debug|Any CPU
		{A9363866-19FC-4229-BF58-BFD13473E07D}.Debug|x86.ActiveCfg = Debug|Any CPU
		{A9363866-19FC-4229-BF58-BFD13473E07D}.Debug|x86.Build.0 = Debug|Any CPU
		{A9363866-19FC-4229-BF58-BFD13473E07D}.Release|Any CPU.ActiveCfg = Release|Any CPU
		{A9363866-19FC-4229-BF58-BFD13473E07D}.Release|Any CPU.Build.0 = Release|Any CPU
		{A9363866-19FC-4229-BF58-BFD13473E07D}.Release|x64.ActiveCfg = Release|Any CPU
		{A9363866-19FC-4229-BF58-BFD13473E07D}.Release|x64.Build.0 = Release|Any CPU
		{A9363866-19FC-4229-BF58-BFD13473E07D}.Release|x86.ActiveCfg = Release|Any CPU
		{A9363866-19FC-4229-BF58-BFD13473E07D}.Release|x86.Build.0 = Release|Any CPU
		{900685D1-B9D1-4340-A06A-6BA8E7F1EF3A}.Debug|Any CPU.ActiveCfg = Debug|Any CPU
		{900685D1-B9D1-4340-A06A-6BA8E7F1EF3A}.Debug|Any CPU.Build.0 = Debug|Any CPU
		{900685D1-B9D1-4340-A06A-6BA8E7F1EF3A}.Debug|x64.ActiveCfg = Debug|Any CPU
		{900685D1-B9D1-4340-A06A-6BA8E7F1EF3A}.Debug|x64.Build.0 = Debug|Any CPU
		{900685D1-B9D1-4340-A06A-6BA8E7F1EF3A}.Debug|x86.ActiveCfg = Debug|Any CPU
		{900685D1-B9D1-4340-A06A-6BA8E7F1EF3A}.Debug|x86.Build.0 = Debug|Any CPU
		{900685D1-B9D1-4340-A06A-6BA8E7F1EF3A}.Release|Any CPU.ActiveCfg = Release|Any CPU
		{900685D1-B9D1-4340-A06A-6BA8E7F1EF3A}.Release|Any CPU.Build.0 = Release|Any CPU
		{900685D1-B9D1-4340-A06A-6BA8E7F1EF3A}.Release|x64.ActiveCfg = Release|Any CPU
		{900685D1-B9D1-4340-A06A-6BA8E7F1EF3A}.Release|x64.Build.0 = Release|Any CPU
		{900685D1-B9D1-4340-A06A-6BA8E7F1EF3A}.Release|x86.ActiveCfg = Release|Any CPU
		{900685D1-B9D1-4340-A06A-6BA8E7F1EF3A}.Release|x86.Build.0 = Release|Any CPU
	EndGlobalSection
EndGlobal
